
Microsoft Visual Studio Solution File, Format Version 12.00
# Visual Studio 2013
VisualStudioVersion = 12.0.30723.0
MinimumVisualStudioVersion = 10.0.40219.1
Project("{2150E333-8FDC-42A3-9474-1A3956D46DE8}") = "Fsn", "Fsn", "{4FD309FD-7D43-414E-BF71-2049261C1D9F}"
	ProjectSection(SolutionItems) = preProject
		_references.js = _references.js
		dat-gui.0.5.js = dat-gui.0.5.js
		fsn.js = fsn.js
		index.html = index.html
		three.69.js = three.69.js
	EndProjectSection
EndProject
Global
	GlobalSection(SolutionProperties) = preSolution
		HideSolutionNode = FALSE
	EndGlobalSection
EndGlobal
